
Microsoft Visual Studio Solution File, Format Version 12.00
# Visual Studio Version 17
VisualStudioVersion = 17.0.32014.148
MinimumVisualStudioVersion = 10.0.40219.1
Project("{FAE04EC0-301F-11D3-BF4B-00C04F79EFBC}") = "Northwind.UserInterface", "Northwind.UserInterface\Northwind.UserInterface.csproj", "{23B24C55-9DF2-479D-B766-75C0099FE935}"
EndProject
Project("{FAE04EC0-301F-11D3-BF4B-00C04F79EFBC}") = "Northwind.Entities", "Northwind.Entities\Northwind.Entities.csproj", "{D8B8EBF4-AFB5-4D92-9D45-783948B83A0C}"
EndProject
Project("{FAE04EC0-301F-11D3-BF4B-00C04F79EFBC}") = "Northwind.Business", "Northwind.Business\Northwind.Business.csproj", "{1ACDB9B6-2521-471E-8E10-4FC5BF229729}"
EndProject
Project("{FAE04EC0-301F-11D3-BF4B-00C04F79EFBC}") = "Northwind.DataAccess", "Northwind.DataAccess\Northwind.DataAccess.csproj", "{DA1445C1-08D0-4D64-A063-59F497CC30F7}"
EndProject
Global
	GlobalSection(SolutionConfigurationPlatforms) = preSolution
		Debug|Any CPU = Debug|Any CPU
		Release|Any CPU = Release|Any CPU
	EndGlobalSection
	GlobalSection(ProjectConfigurationPlatforms) = postSolution
		{23B24C55-9DF2-479D-B766-75C0099FE935}.Debug|Any CPU.ActiveCfg = Debug|Any CPU
		{23B24C55-9DF2-479D-B766-75C0099FE935}.Debug|Any CPU.Build.0 = Debug|Any CPU
		{23B24C55-9DF2-479D-B766-75C0099FE935}.Release|Any CPU.ActiveCfg = Release|Any CPU
		{23B24C55-9DF2-479D-B766-75C0099FE935}.Release|Any CPU.Build.0 = Release|Any CPU
		{D8B8EBF4-AFB5-4D92-9D45-783948B83A0C}.Debug|Any CPU.ActiveCfg = Debug|Any CPU
		{D8B8EBF4-AFB5-4D92-9D45-783948B83A0C}.Debug|Any CPU.Build.0 = Debug|Any CPU
		{D8B8EBF4-AFB5-4D92-9D45-783948B83A0C}.Release|Any CPU.ActiveCfg = Release|Any CPU
		{D8B8EBF4-AFB5-4D92-9D45-783948B83A0C}.Release|Any CPU.Build.0 = Release|Any CPU
		{1ACDB9B6-2521-471E-8E10-4FC5BF229729}.Debug|Any CPU.ActiveCfg = Debug|Any CPU
		{1ACDB9B6-2521-471E-8E10-4FC5BF229729}.Debug|Any CPU.Build.0 = Debug|Any CPU
		{1ACDB9B6-2521-471E-8E10-4FC5BF229729}.Release|Any CPU.ActiveCfg = Release|Any CPU
		{1ACDB9B6-2521-471E-8E10-4FC5BF229729}.Release|Any CPU.Build.0 = Release|Any CPU
		{DA1445C1-08D0-4D64-A063-59F497CC30F7}.Debug|Any CPU.ActiveCfg = Debug|Any CPU
		{DA1445C1-08D0-4D64-A063-59F497CC30F7}.Debug|Any CPU.Build.0 = Debug|Any CPU
		{DA1445C1-08D0-4D64-A063-59F497CC30F7}.Release|Any CPU.ActiveCfg = Release|Any CPU
		{DA1445C1-08D0-4D64-A063-59F497CC30F7}.Release|Any CPU.Build.0 = Release|Any CPU
	EndGlobalSection
	GlobalSection(SolutionProperties) = preSolution
		HideSolutionNode = FALSE
	EndGlobalSection
	GlobalSection(ExtensibilityGlobals) = postSolution
		SolutionGuid = {0FD940CB-954B-466F-9630-84609F5F8CC7}
	EndGlobalSection
EndGlobal
